
Microsoft Visual Studio Solution File, Format Version 12.00
# Visual Studio Version 17
VisualStudioVersion = 17.5.33502.453
MinimumVisualStudioVersion = 10.0.40219.1
Project("{FAE04EC0-301F-11D3-BF4B-00C04F79EFBC}") = "prjMvcCoreDemo", "prjMvcCoreDemo\prjMvcCoreDemo.csproj", "{D4F6B695-9884-45A5-BDBC-A84EE572A138}"
EndProject
Global
	GlobalSection(SolutionConfigurationPlatforms) = preSolution
		Debug|Any CPU = Debug|Any CPU
		Release|Any CPU = Release|Any CPU
	EndGlobalSection
	GlobalSection(ProjectConfigurationPlatforms) = postSolution
		{D4F6B695-9884-45A5-BDBC-A84EE572A138}.Debug|Any CPU.ActiveCfg = Debug|Any CPU
		{D4F6B695-9884-45A5-BDBC-A84EE572A138}.Debug|Any CPU.Build.0 = Debug|Any CPU
		{D4F6B695-9884-45A5-BDBC-A84EE572A138}.Release|Any CPU.ActiveCfg = Release|Any CPU
		{D4F6B695-9884-45A5-BDBC-A84EE572A138}.Release|Any CPU.Build.0 = Release|Any CPU
	EndGlobalSection
	GlobalSection(SolutionProperties) = preSolution
		HideSolutionNode = FALSE
	EndGlobalSection
	GlobalSection(ExtensibilityGlobals) = postSolution
		SolutionGuid = {4F22D4F7-22CC-40E4-BA08-B0CC99F29B2B}
	EndGlobalSection
EndGlobal
